<?xml version="1.0" encoding="utf-8"?>
<Project ToolsVersion="4.0" xmlns="http://schemas.microsoft.com/developer/msbuild/2003">
  <ItemGroup>
    <Filter Include="소스 파일">
      <UniqueIdentifier>{4FC737F1-C7A5-4376-A066-2A32D752A2FF}</UniqueIdentifier>
      <Extensions>cpp;c;cc;cxx;c++;cppm;ixx;def;odl;idl;hpj;bat;asm;asmx</Extensions>
    </Filter>
    <Filter Include="헤더 파일">
      <UniqueIdentifier>{93995380-89BD-4b04-88EB-625FBE52EBFB}</UniqueIdentifier>
      <Extensions>h;hh;hpp;hxx;h++;hm;inl;inc;ipp;xsd</Extensions>
    </Filter>
    <Filter Include="리소스 파일">
      <UniqueIdentifier>{67DA6AB6-F800-4c08-8B7A-83BB121AAD01}</UniqueIdentifier>
      <Extensions>rc;ico;cur;bmp;dlg;rc2;rct;bin;rgs;gif;jpg;jpeg;jpe;resx;tiff;tif;png;wav;mfcribbon-ms</Extensions>
    </Filter>
  </ItemGroup>
  <ItemGroup>
    <ClCompile Include="c_test14.c">
      <Filter>소스 파일</Filter>
    </ClCompile>
    <ClCompile Include="c_test13.c">
      <Filter>소스 파일</Filter>
    </ClCompile>
    <ClCompile Include="c_test12.c">
      <Filter>소스 파일</Filter>
    </ClCompile>
    <ClCompile Include="c_test11.c">
      <Filter>소스 파일</Filter>
    </ClCompile>
    <ClCompile Include="c_test10.c">
      <Filter>소스 파일</Filter>
    </ClCompile>
    <ClCompile Include="c_test9.c">
      <Filter>소스 파일</Filter>
    </ClCompile>
    <ClCompile Include="c_test8.c">
      <Filter>소스 파일</Filter>
    </ClCompile>
    <ClCompile Include="c_test7.c">
      <Filter>소스 파일</Filter>
    </ClCompile>
    <ClCompile Include="c_test6.c">
      <Filter>소스 파일</Filter>
    </ClCompile>
    <ClCompile Include="c_test5.c">
      <Filter>소스 파일</Filter>
    </ClCompile>
    <ClCompile Include="c_test4.c">
      <Filter>소스 파일</Filter>
    </ClCompile>
    <ClCompile Include="c_test3.c">
      <Filter>소스 파일</Filter>
    </ClCompile>
    <ClCompile Include="c_test2-2.c">
      <Filter>소스 파일</Filter>
    </ClCompile>
    <ClCompile Include="c_test2.c">
      <Filter>소스 파일</Filter>
    </ClCompile>
    <ClCompile Include="c_test21.c">
      <Filter>소스 파일</Filter>
    </ClCompile>
    <ClCompile Include="c_test20.c">
      <Filter>소스 파일</Filter>
    </ClCompile>
    <ClCompile Include="c_test19.c">
      <Filter>소스 파일</Filter>
    </ClCompile>
    <ClCompile Include="c_test18.c">
      <Filter>소스 파일</Filter>
    </ClCompile>
    <ClCompile Include="c_test17.c">
      <Filter>소스 파일</Filter>
    </ClCompile>
    <ClCompile Include="c_test15.c">
      <Filter>소스 파일</Filter>
    </ClCompile>
    <ClCompile Include="c_test39.c">
      <Filter>소스 파일</Filter>
    </ClCompile>
    <ClCompile Include="c_test38.c">
      <Filter>소스 파일</Filter>
    </ClCompile>
    <ClCompile Include="c_test37.c">
      <Filter>소스 파일</Filter>
    </ClCompile>
    <ClCompile Include="c_test36.c">
      <Filter>소스 파일</Filter>
    </ClCompile>
    <ClCompile Include="c_test35.c">
      <Filter>소스 파일</Filter>
    </ClCompile>
    <ClCompile Include="c_test34.c">
      <Filter>소스 파일</Filter>
    </ClCompile>
    <ClCompile Include="c_test33.c">
      <Filter>소스 파일</Filter>
    </ClCompile>
    <ClCompile Include="c_test32.c">
      <Filter>소스 파일</Filter>
    </ClCompile>
    <ClCompile Include="c_test31.c">
      <Filter>소스 파일</Filter>
    </ClCompile>
    <ClCompile Include="c_test30.c">
      <Filter>소스 파일</Filter>
    </ClCompile>
    <ClCompile Include="c_test29.c">
      <Filter>소스 파일</Filter>
    </ClCompile>
    <ClCompile Include="c_test28.c">
      <Filter>소스 파일</Filter>
    </ClCompile>
    <ClCompile Include="c_test27.c">
      <Filter>소스 파일</Filter>
    </ClCompile>
    <ClCompile Include="c_test26.c">
      <Filter>소스 파일</Filter>
    </ClCompile>
    <ClCompile Include="c_test25.c">
      <Filter>소스 파일</Filter>
    </ClCompile>
    <ClCompile Include="c_test24.c">
      <Filter>소스 파일</Filter>
    </ClCompile>
    <ClCompile Include="c_test23.c">
      <Filter>소스 파일</Filter>
    </ClCompile>
    <ClCompile Include="c_test22.c">
      <Filter>소스 파일</Filter>
    </ClCompile>
    <ClCompile Include="c_test43.c">
      <Filter>소스 파일</Filter>
    </ClCompile>
    <ClCompile Include="c_test42.c">
      <Filter>소스 파일</Filter>
    </ClCompile>
    <ClCompile Include="c_test41.c">
      <Filter>소스 파일</Filter>
    </ClCompile>
    <ClCompile Include="c_test40.c">
      <Filter>소스 파일</Filter>
    </ClCompile>
    <ClCompile Include="c_test1.c">
      <Filter>소스 파일</Filter>
    </ClCompile>
    <ClCompile Include="c_test44.c">
      <Filter>소스 파일</Filter>
    </ClCompile>
    <ClCompile Include="c_test45.c">
      <Filter>소스 파일</Filter>
    </ClCompile>
    <ClCompile Include="c_test46.c">
      <Filter>소스 파일</Filter>
    </ClCompile>
    <ClCompile Include="c_test47.c">
      <Filter>소스 파일</Filter>
    </ClCompile>
    <ClCompile Include="c_test48.c">
      <Filter>소스 파일</Filter>
    </ClCompile>
    <ClCompile Include="c_test49.c">
      <Filter>소스 파일</Filter>
    </ClCompile>
    <ClCompile Include="c_test50.c">
      <Filter>소스 파일</Filter>
    </ClCompile>
  </ItemGroup>
</Project>